
Microsoft Visual Studio Solution File, Format Version 12.00
# Visual Studio 2012
Project("{FAE04EC0-301F-11D3-BF4B-00C04F79EFBC}") = "CsvExport", "CsvExport\CsvExport.csproj", "{07B5D943-EC48-487B-B954-ADE44274BEF8}"
EndProject
Project("{FAE04EC0-301F-11D3-BF4B-00C04F79EFBC}") = "CsvExport.AcceptanceTests", "CsvExport.AcceptanceTests\CsvExport.AcceptanceTests.csproj", "{75C4EF31-8D4E-4B62-92A2-389AB7223B57}"
EndProject
Global
	GlobalSection(TeamFoundationVersionControl) = preSolution
		SccNumberOfProjects = 3
		SccEnterpriseProvider = {4CA58AB2-18FA-4F8D-95D4-32DDF27D184C}
		SccTeamFoundationServer = https://datadruid.visualstudio.com/defaultcollection
		SccLocalPath0 = .
		SccProjectUniqueName1 = CsvExport\\CsvExport.csproj
		SccProjectName1 = CsvExport
		SccLocalPath1 = CsvExport
		SccProjectUniqueName2 = CsvExport.AcceptanceTests\\CsvExport.AcceptanceTests.csproj
		SccProjectName2 = CsvExport.AcceptanceTests
		SccLocalPath2 = CsvExport.AcceptanceTests
	EndGlobalSection
	GlobalSection(SolutionConfigurationPlatforms) = preSolution
		Debug|Any CPU = Debug|Any CPU
		Release|Any CPU = Release|Any CPU
	EndGlobalSection
	GlobalSection(ProjectConfigurationPlatforms) = postSolution
		{07B5D943-EC48-487B-B954-ADE44274BEF8}.Debug|Any CPU.ActiveCfg = Debug|Any CPU
		{07B5D943-EC48-487B-B954-ADE44274BEF8}.Debug|Any CPU.Build.0 = Debug|Any CPU
		{07B5D943-EC48-487B-B954-ADE44274BEF8}.Release|Any CPU.ActiveCfg = Release|Any CPU
		{07B5D943-EC48-487B-B954-ADE44274BEF8}.Release|Any CPU.Build.0 = Release|Any CPU
		{75C4EF31-8D4E-4B62-92A2-389AB7223B57}.Debug|Any CPU.ActiveCfg = Debug|Any CPU
		{75C4EF31-8D4E-4B62-92A2-389AB7223B57}.Debug|Any CPU.Build.0 = Debug|Any CPU
		{75C4EF31-8D4E-4B62-92A2-389AB7223B57}.Release|Any CPU.ActiveCfg = Release|Any CPU
		{75C4EF31-8D4E-4B62-92A2-389AB7223B57}.Release|Any CPU.Build.0 = Release|Any CPU
	EndGlobalSection
	GlobalSection(SolutionProperties) = preSolution
		HideSolutionNode = FALSE
	EndGlobalSection
EndGlobal
